
Microsoft Visual Studio Solution File, Format Version 12.00
# Visual Studio Version 16
VisualStudioVersion = 16.0.31105.61
MinimumVisualStudioVersion = 10.0.40219.1
Project("{FAE04EC0-301F-11D3-BF4B-00C04F79EFBC}") = "StudentManagement", "WebApplication1\StudentManagement.csproj", "{61580618-8A78-41B2-9137-3E2FCD39386C}"
EndProject
Global
	GlobalSection(SolutionConfigurationPlatforms) = preSolution
		Debug|Any CPU = Debug|Any CPU
		Release|Any CPU = Release|Any CPU
	EndGlobalSection
	GlobalSection(ProjectConfigurationPlatforms) = postSolution
		{61580618-8A78-41B2-9137-3E2FCD39386C}.Debug|Any CPU.ActiveCfg = Debug|Any CPU
		{61580618-8A78-41B2-9137-3E2FCD39386C}.Debug|Any CPU.Build.0 = Debug|Any CPU
		{61580618-8A78-41B2-9137-3E2FCD39386C}.Release|Any CPU.ActiveCfg = Release|Any CPU
		{61580618-8A78-41B2-9137-3E2FCD39386C}.Release|Any CPU.Build.0 = Release|Any CPU
	EndGlobalSection
	GlobalSection(SolutionProperties) = preSolution
		HideSolutionNode = FALSE
	EndGlobalSection
	GlobalSection(ExtensibilityGlobals) = postSolution
		SolutionGuid = {5BC0320E-DEC3-413E-8148-774FD904F602}
	EndGlobalSection
EndGlobal
